# This file is automatically generated.
# It is not intended for manual editing.
version = 1

[[packages]]
name = "composable:http"
registry = "modulewise"

[[packages.versions]]
requirement = "=0.1.0"
version = "0.1.0"
digest = "sha256:38a8a8cb898dabc883f46efcf5d832b0f62f2983eeaa953f083b66693f711a0c"

[[packages]]
name = "wasi:clocks"
registry = "wasi.dev"

[[packages.versions]]
requirement = "=0.2.6"
version = "0.2.6"
digest = "sha256:569984cc45d3f5a362a3b2897aabbaa3cc4184a6113bfcbbf03c1bd7fc20338c"

[[packages]]
name = "wasi:logging"
registry = "wasi.dev"

[[packages.versions]]
requirement = "=0.1.0-draft"
version = "0.1.0-draft"
digest = "sha256:09621a45b12b0a9cddc798517f778aac0e5ae4bd234077b3d70758d6cf625580"

[[packages]]
name = "wasi:random"
registry = "wasi.dev"

[[packages.versions]]
requirement = "=0.2.6"
version = "0.2.6"
digest = "sha256:14ea24097cbe19ae2c79c6ffead72f70c4aed65bb68ef40ed8eca6e08383dc1b"
